
Microsoft Visual Studio Solution File, Format Version 12.00
# Visual Studio Version 17
VisualStudioVersion = 17.5.33516.290
MinimumVisualStudioVersion = 10.0.40219.1
Project("{FAE04EC0-301F-11D3-BF4B-00C04F79EFBC}") = "OutlookToolbarWeb", "..\containers\node\lib\public\OutlookToolbarWeb.csproj", "{153C8ECE-51CD-4A5C-A1B2-FE6ECC622FBA}"
EndProject
Global
	GlobalSection(SolutionConfigurationPlatforms) = preSolution
		Debug|Any CPU = Debug|Any CPU
		Release|Any CPU = Release|Any CPU
	EndGlobalSection
	GlobalSection(ProjectConfigurationPlatforms) = postSolution
		{153C8ECE-51CD-4A5C-A1B2-FE6ECC622FBA}.Debug|Any CPU.ActiveCfg = Debug|Any CPU
		{153C8ECE-51CD-4A5C-A1B2-FE6ECC622FBA}.Debug|Any CPU.Build.0 = Debug|Any CPU
		{153C8ECE-51CD-4A5C-A1B2-FE6ECC622FBA}.Release|Any CPU.ActiveCfg = Release|Any CPU
		{153C8ECE-51CD-4A5C-A1B2-FE6ECC622FBA}.Release|Any CPU.Build.0 = Release|Any CPU
	EndGlobalSection
	GlobalSection(SolutionProperties) = preSolution
		HideSolutionNode = FALSE
	EndGlobalSection
	GlobalSection(ExtensibilityGlobals) = postSolution
		SolutionGuid = {C601EFB3-89B2-4CDB-A35A-4F563C9582FD}
	EndGlobalSection
EndGlobal
